{
  "name": "unjs-web-server-playground",
  "version": "1.0.0",
  "lockfileVersion": 3,
  "requires": true,
  "packages": {
    "": {
      "name": "unjs-web-server-playground",
      "dependencies": {
        "@iwmy10/unjs-web-server": "file:.."
      }
    },
    "..": {
      "name": "@iwmy10/unjs-web-server",
      "version": "0.0.2",
      "license": "MIT",
      "dependencies": {
        "@rollup/plugin-node-resolve": "^15.3.0",
        "@rollup/plugin-typescript": "^12.1.0",
        "citty": "^0.1.6",
        "consola": "^3.2.3",
        "get-port-please": "^3.1.2",
        "jiti": "^2.3.3",
        "rollup": "^4.24.0",
        "rou3": "^0.5.1",
        "tslib": "^2.7.0",
        "ufo": "^1.5.4"
      },
      "bin": {
        "unjs-web-server": "bin/cli.mjs"
      },
      "devDependencies": {
        "@types/node": "^22.7.5",
        "prettier": "^3.3.3",
        "unbuild": "^2.0.0"
      }
    },
    "node_modules/@iwmy10/unjs-web-server": {
      "resolved": "..",
      "link": true
    }
  }
}
